{
  "name": "node_rsa",
  "version": "1.0.0",
  "lockfileVersion": 1,
  "requires": true,
  "dependencies": {
    "asn1": {
      "version": "0.2.4",
      "resolved": "https://registry.npm.taobao.org/asn1/download/asn1-0.2.4.tgz",
      "integrity": "sha1-jSR136tVO7M+d7VOWeiAu4ziMTY=",
      "dev": true,
      "requires": {
        "safer-buffer": "~2.1.0"
      }
    },
    "js-base64": {
      "version": "2.5.1",
      "resolved": "https://registry.npm.taobao.org/js-base64/download/js-base64-2.5.1.tgz",
      "integrity": "sha1-Hvo57yxfeYC7F4St5KivLeMpESE=",
      "dev": true
    },
    "node-rsa": {
      "version": "1.0.5",
      "resolved": "https://registry.npm.taobao.org/node-rsa/download/node-rsa-1.0.5.tgz",
      "integrity": "sha1-hU3BsnVynWm8JYg/g8qAcF25Ji4=",
      "dev": true,
      "requires": {
        "asn1": "^0.2.4"
      }
    },
    "safer-buffer": {
      "version": "2.1.2",
      "resolved": "https://registry.npm.taobao.org/safer-buffer/download/safer-buffer-2.1.2.tgz?cache=0&other_urls=https%3A%2F%2Fregistry.npm.taobao.org%2Fsafer-buffer%2Fdownload%2Fsafer-buffer-2.1.2.tgz",
      "integrity": "sha1-RPoWGwGHuVSd2Eu5GAL5vYOFzWo=",
      "dev": true
    }
  }
}
